
Microsoft Visual Studio Solution File, Format Version 12.00
# Visual Studio Version 16
VisualStudioVersion = 16.0.31321.278
MinimumVisualStudioVersion = 10.0.40219.1
Project("{8BC9CEB8-8B4A-11D0-8D11-00A0C91BC942}") = "DiskProt", "DiskProt\DiskProt.vcxproj", "{CF5ECD18-9E3A-42C6-B175-C7B19C1CD329}"
EndProject
Global
	GlobalSection(SolutionConfigurationPlatforms) = preSolution
		Debug|ARM = Debug|ARM
		Debug|ARM64 = Debug|ARM64
		Debug|x64 = Debug|x64
		Debug|x86 = Debug|x86
		Release|ARM = Release|ARM
		Release|ARM64 = Release|ARM64
		Release|x64 = Release|x64
		Release|x86 = Release|x86
	EndGlobalSection
	GlobalSection(ProjectConfigurationPlatforms) = postSolution
		{CF5ECD18-9E3A-42C6-B175-C7B19C1CD329}.Debug|ARM.ActiveCfg = Debug|ARM
		{CF5ECD18-9E3A-42C6-B175-C7B19C1CD329}.Debug|ARM.Build.0 = Debug|ARM
		{CF5ECD18-9E3A-42C6-B175-C7B19C1CD329}.Debug|ARM.Deploy.0 = Debug|ARM
		{CF5ECD18-9E3A-42C6-B175-C7B19C1CD329}.Debug|ARM64.ActiveCfg = Debug|ARM64
		{CF5ECD18-9E3A-42C6-B175-C7B19C1CD329}.Debug|ARM64.Build.0 = Debug|ARM64
		{CF5ECD18-9E3A-42C6-B175-C7B19C1CD329}.Debug|ARM64.Deploy.0 = Debug|ARM64
		{CF5ECD18-9E3A-42C6-B175-C7B19C1CD329}.Debug|x64.ActiveCfg = Debug|x64
		{CF5ECD18-9E3A-42C6-B175-C7B19C1CD329}.Debug|x64.Build.0 = Debug|x64
		{CF5ECD18-9E3A-42C6-B175-C7B19C1CD329}.Debug|x64.Deploy.0 = Debug|x64
		{CF5ECD18-9E3A-42C6-B175-C7B19C1CD329}.Debug|x86.ActiveCfg = Debug|Win32
		{CF5ECD18-9E3A-42C6-B175-C7B19C1CD329}.Debug|x86.Build.0 = Debug|Win32
		{CF5ECD18-9E3A-42C6-B175-C7B19C1CD329}.Debug|x86.Deploy.0 = Debug|Win32
		{CF5ECD18-9E3A-42C6-B175-C7B19C1CD329}.Release|ARM.ActiveCfg = Release|ARM
		{CF5ECD18-9E3A-42C6-B175-C7B19C1CD329}.Release|ARM.Build.0 = Release|ARM
		{CF5ECD18-9E3A-42C6-B175-C7B19C1CD329}.Release|ARM.Deploy.0 = Release|ARM
		{CF5ECD18-9E3A-42C6-B175-C7B19C1CD329}.Release|ARM64.ActiveCfg = Release|ARM64
		{CF5ECD18-9E3A-42C6-B175-C7B19C1CD329}.Release|ARM64.Build.0 = Release|ARM64
		{CF5ECD18-9E3A-42C6-B175-C7B19C1CD329}.Release|ARM64.Deploy.0 = Release|ARM64
		{CF5ECD18-9E3A-42C6-B175-C7B19C1CD329}.Release|x64.ActiveCfg = Release|x64
		{CF5ECD18-9E3A-42C6-B175-C7B19C1CD329}.Release|x64.Build.0 = Release|x64
		{CF5ECD18-9E3A-42C6-B175-C7B19C1CD329}.Release|x64.Deploy.0 = Release|x64
		{CF5ECD18-9E3A-42C6-B175-C7B19C1CD329}.Release|x86.ActiveCfg = Release|Win32
		{CF5ECD18-9E3A-42C6-B175-C7B19C1CD329}.Release|x86.Build.0 = Release|Win32
		{CF5ECD18-9E3A-42C6-B175-C7B19C1CD329}.Release|x86.Deploy.0 = Release|Win32
	EndGlobalSection
	GlobalSection(SolutionProperties) = preSolution
		HideSolutionNode = FALSE
	EndGlobalSection
	GlobalSection(ExtensibilityGlobals) = postSolution
		SolutionGuid = {255C598A-59BC-494A-9B49-D9F8813DB90C}
	EndGlobalSection
EndGlobal
